// !$*UTF8*$!
{
	archiveVersion = 1;
	classes = {
	};
	objectVersion = 46;
	objects = {

/* Begin PBXBuildFile section */
		030410801E97548B00CC0C71 /* main.m in Sources */ = {isa = PBXBuildFile; fileRef = 0304107F1E97548B00CC0C71 /* main.m */; };
		030410831E97548B00CC0C71 /* AppDelegate.m in Sources */ = {isa = PBXBuildFile; fileRef = 030410821E97548B00CC0C71 /* AppDelegate.m */; };
		030410861E97548B00CC0C71 /* ViewController.m in Sources */ = {isa = PBXBuildFile; fileRef = 030410851E97548B00CC0C71 /* ViewController.m */; };
		030410891E97548B00CC0C71 /* Main.storyboard in Resources */ = {isa = PBXBuildFile; fileRef = 030410871E97548B00CC0C71 /* Main.storyboard */; };
		0304108B1E97548B00CC0C71 /* Assets.xcassets in Resources */ = {isa = PBXBuildFile; fileRef = 0304108A1E97548B00CC0C71 /* Assets.xcassets */; };
		0304108E1E97548B00CC0C71 /* LaunchScreen.storyboard in Resources */ = {isa = PBXBuildFile; fileRef = 0304108C1E97548B00CC0C71 /* LaunchScreen.storyboard */; };
/* End PBXBuildFile section */

/* Begin PBXFileReference section */
		0304107B1E97548B00CC0C71 /* 00 testUpload.app */ = {isa = PBXFileReference; explicitFileType = wrapper.application; includeInIndex = 0; path = "00 testUpload.app"; sourceTree = BUILT_PRODUCTS_DIR; };
		0304107F1E97548B00CC0C71 /* main.m */ = {isa = PBXFileReference; lastKnownFileType = sourcecode.c.objc; path = main.m; sourceTree = "<group>"; };
		030410811E97548B00CC0C71 /* AppDelegate.h */ = {isa = PBXFileReference; lastKnownFileType = sourcecode.c.h; path = AppDelegate.h; sourceTree = "<group>"; };
		030410821E97548B00CC0C71 /* AppDelegate.m */ = {isa = PBXFileReference; lastKnownFileType = sourcecode.c.objc; path = AppDelegate.m; sourceTree = "<group>"; };
		030410841E97548B00CC0C71 /* ViewController.h */ = {isa = PBXFileReference; lastKnownFileType = sourcecode.c.h; path = ViewController.h; sourceTree = "<group>"; };
		030410851E97548B00CC0C71 /* ViewController.m */ = {isa = PBXFileReference; lastKnownFileType = sourcecode.c.objc; path = ViewController.m; sourceTree = "<group>"; };
		030410881E97548B00CC0C71 /* Base */ = {isa = PBXFileReference; lastKnownFileType = file.storyboard; name = Base; path = Base.lproj/Main.storyboard; sourceTree = "<group>"; };
		0304108A1E97548B00CC0C71 /* Assets.xcassets */ = {isa = PBXFileReference; lastKnownFileType = folder.assetcatalog; path = Assets.xcassets; sourceTree = "<group>"; };
		0304108D1E97548B00CC0C71 /* Base */ = {isa = PBXFileReference; lastKnownFileType = file.storyboard; name = Base; path = Base.lproj/LaunchScreen.storyboard; sourceTree = "<group>"; };
		0304108F1E97548B00CC0C71 /* Info.plist */ = {isa = PBXFileReference; lastKnownFileType = text.plist.xml; path = Info.plist; sourceTree = "<group>"; };
/* End PBXFileReference section */

/* Begin PBXFrameworksBuildPhase section */
		030410781E97548B00CC0C71 /* Frameworks */ = {
			isa = PBXFrameworksBuildPhase;
			buildActionMask = 2147483647;
			files = (
			);
			runOnlyForDeploymentPostprocessing = 0;
		};
/* End PBXFrameworksBuildPhase section */

/* Begin PBXGroup section */
		030410721E97548B00CC0C71 = {
			isa = PBXGroup;
			children = (
				0304107D1E97548B00CC0C71 /* 00 testUpload */,
				0304107C1E97548B00CC0C71 /* Products */,
			);
			sourceTree = "<group>";
		};
		0304107C1E97548B00CC0C71 /* Products */ = {
			isa = PBXGroup;
			children = (
				0304107B1E97548B00CC0C71 /* 00 testUpload.app */,
			);
			name = Products;
			sourceTree = "<group>";
		};
		0304107D1E97548B00CC0C71 /* 00 testUpload */ = {
			isa = PBXGroup;
			children = (
				030410811E97548B00CC0C71 /* AppDelegate.h */,
				030410821E97548B00CC0C71 /* AppDelegate.m */,
				030410841E97548B00CC0C71 /* ViewController.h */,
				030410851E97548B00CC0C71 /* ViewController.m */,
				030410871E97548B00CC0C71 /* Main.storyboard */,
				0304108A1E97548B00CC0C71 /* Assets.xcassets */,
				0304108C1E97548B00CC0C71 /* LaunchScreen.storyboard */,
				0304108F1E97548B00CC0C71 /* Info.plist */,
				0304107E1E97548B00CC0C71 /* Supporting Files */,
			);
			path = "00 testUpload";
			sourceTree = "<group>";
		};
		0304107E1E97548B00CC0C71 /* Supporting Files */ = {
			isa = PBXGroup;
			children = (
				0304107F1E97548B00CC0C71 /* main.m */,
			);
			name = "Supporting Files";
			sourceTree = "<group>";
		};
/* End PBXGroup section */

/* Begin PBXNativeTarget section */
		0304107A1E97548B00CC0C71 /* 00 testUpload */ = {
			isa = PBXNativeTarget;
			buildConfigurationList = 030410921E97548B00CC0C71 /* Build configuration list for PBXNativeTarget "00 testUpload" */;
			buildPhases = (
				030410771E97548B00CC0C71 /* Sources */,
				030410781E97548B00CC0C71 /* Frameworks */,
				030410791E97548B00CC0C71 /* Resources */,
			);
			buildRules = (
			);
			dependencies = (
			);
			name = "00 testUpload";
			productName = "00 testUpload";
			productReference = 0304107B1E97548B00CC0C71 /* 00 testUpload.app */;
			productType = "com.apple.product-type.application";
		};
/* End PBXNativeTarget section */

/* Begin PBXProject section */
		030410731E97548B00CC0C71 /* Project object */ = {
			isa = PBXProject;
			attributes = {
				LastUpgradeCheck = 0800;
				ORGANIZATIONNAME = Metatronxl;
				TargetAttributes = {
					0304107A1E97548B00CC0C71 = {
						CreatedOnToolsVersion = 8.0;
						ProvisioningStyle = Automatic;
					};
				};
			};
			buildConfigurationList = 030410761E97548B00CC0C71 /* Build configuration list for PBXProject "00 testUpload" */;
			compatibilityVersion = "Xcode 3.2";
			developmentRegion = English;
			hasScannedForEncodings = 0;
			knownRegions = (
				en,
				Base,
			);
			mainGroup = 030410721E97548B00CC0C71;
			productRefGroup = 0304107C1E97548B00CC0C71 /* Products */;
			projectDirPath = "";
			projectRoot = "";
			targets = (
				0304107A1E97548B00CC0C71 /* 00 testUpload */,
			);
		};
/* End PBXProject section */

/* Begin PBXResourcesBuildPhase section */
		030410791E97548B00CC0C71 /* Resources */ = {
			isa = PBXResourcesBuildPhase;
			buildActionMask = 2147483647;
			files = (
				0304108E1E97548B00CC0C71 /* LaunchScreen.storyboard in Resources */,
				0304108B1E97548B00CC0C71 /* Assets.xcassets in Resources */,
				030410891E97548B00CC0C71 /* Main.storyboard in Resources */,
			);
			runOnlyForDeploymentPostprocessing = 0;
		};
/* End PBXResourcesBuildPhase section */

/* Begin PBXSourcesBuildPhase section */
		030410771E97548B00CC0C71 /* Sources */ = {
			isa = PBXSourcesBuildPhase;
			buildActionMask = 2147483647;
			files = (
				030410861E97548B00CC0C71 /* ViewController.m in Sources */,
				030410831E97548B00CC0C71 /* AppDelegate.m in Sources */,
				030410801E97548B00CC0C71 /* main.m in Sources */,
			);
			runOnlyForDeploymentPostprocessing = 0;
		};
/* End PBXSourcesBuildPhase section */

/* Begin PBXVariantGroup section */
		030410871E97548B00CC0C71 /* Main.storyboard */ = {
			isa = PBXVariantGroup;
			children = (
				030410881E97548B00CC0C71 /* Base */,
			);
			name = Main.storyboard;
			sourceTree = "<group>";
		};
		0304108C1E97548B00CC0C71 /* LaunchScreen.storyboard */ = {
			isa = PBXVariantGroup;
			children = (
				0304108D1E97548B00CC0C71 /* Base */,
			);
			name = LaunchScreen.storyboard;
			sourceTree = "<group>";
		};
/* End PBXVariantGroup section */

/* Begin XCBuildConfiguration section */
		030410901E97548B00CC0C71 /* Debug */ = {
			isa = XCBuildConfiguration;
			buildSettings = {
				ALWAYS_SEARCH_USER_PATHS = NO;
				CLANG_ANALYZER_NONNULL = YES;
				CLANG_CXX_LANGUAGE_STANDARD = "gnu++0x";
				CLANG_CXX_LIBRARY = "libc++";
				CLANG_ENABLE_MODULES = YES;
				CLANG_ENABLE_OBJC_ARC = YES;
				CLANG_WARN_BOOL_CONVERSION = YES;
				CLANG_WARN_CONSTANT_CONVERSION = YES;
				CLANG_WARN_DIRECT_OBJC_ISA_USAGE = YES_ERROR;
				CLANG_WARN_DOCUMENTATION_COMMENTS = YES;
				CLANG_WARN_EMPTY_BODY = YES;
				CLANG_WARN_ENUM_CONVERSION = YES;
				CLANG_WARN_INFINITE_RECURSION = YES;
				CLANG_WARN_INT_CONVERSION = YES;
				CLANG_WARN_OBJC_ROOT_CLASS = YES_ERROR;
				CLANG_WARN_SUSPICIOUS_MOVES = YES;
				CLANG_WARN_UNREACHABLE_CODE = YES;
				CLANG_WARN__DUPLICATE_METHOD_MATCH = YES;
				"CODE_SIGN_IDENTITY[sdk=iphoneos*]" = "iPhone Developer";
				COPY_PHASE_STRIP = NO;
				DEBUG_INFORMATION_FORMAT = dwarf;
				ENABLE_STRICT_OBJC_MSGSEND = YES;
				ENABLE_TESTABILITY = YES;
				GCC_C_LANGUAGE_STANDARD = gnu99;
				GCC_DYNAMIC_NO_PIC = NO;
				GCC_NO_COMMON_BLOCKS = YES;
				GCC_OPTIMIZATION_LEVEL = 0;
				GCC_PREPROCESSOR_DEFINITIONS = (
					"DEBUG=1",
					"$(inherited)",
				);
				GCC_WARN_64_TO_32_BIT_CONVERSION = YES;
				GCC_WARN_ABOUT_RETURN_TYPE = YES_ERROR;
				GCC_WARN_UNDECLARED_SELECTOR = YES;
				GCC_WARN_UNINITIALIZED_AUTOS = YES_AGGRESSIVE;
				GCC_WARN_UNUSED_FUNCTION = YES;
				GCC_WARN_UNUSED_VARIABLE = YES;
				IPHONEOS_DEPLOYMENT_TARGET = 10.0;
				MTL_ENABLE_DEBUG_INFO = YES;
				ONLY_ACTIVE_ARCH = YES;
				SDKROOT = iphoneos;
			};
			name = Debug;
		};
		030410911E97548B00CC0C71 /* Release */ = {
			isa = XCBuildConfiguration;
			buildSettings = {
				ALWAYS_SEARCH_USER_PATHS = NO;
				CLANG_ANALYZER_NONNULL = YES;
				CLANG_CXX_LANGUAGE_STANDARD = "gnu++0x";
				CLANG_CXX_LIBRARY = "libc++";
				CLANG_ENABLE_MODULES = YES;
				CLANG_ENABLE_OBJC_ARC = YES;
				CLANG_WARN_BOOL_CONVERSION = YES;
				CLANG_WARN_CONSTANT_CONVERSION = YES;
				CLANG_WARN_DIRECT_OBJC_ISA_USAGE = YES_ERROR;
				CLANG_WARN_DOCUMENTATION_COMMENTS = YES;
				CLANG_WARN_EMPTY_BODY = YES;
				CLANG_WARN_ENUM_CONVERSION = YES;
				CLANG_WARN_INFINITE_RECURSION = YES;
				CLANG_WARN_INT_CONVERSION = YES;
				CLANG_WARN_OBJC_ROOT_CLASS = YES_ERROR;
				CLANG_WARN_SUSPICIOUS_MOVES = YES;
				CLANG_WARN_UNREACHABLE_CODE = YES;
				CLANG_WARN__DUPLICATE_METHOD_MATCH = YES;
				"CODE_SIGN_IDENTITY[sdk=iphoneos*]" = "iPhone Developer";
				COPY_PHASE_STRIP = NO;
				DEBUG_INFORMATION_FORMAT = "dwarf-with-dsym";
				ENABLE_NS_ASSERTIONS = NO;
				ENABLE_STRICT_OBJC_MSGSEND = YES;
				GCC_C_LANGUAGE_STANDARD = gnu99;
				GCC_NO_COMMON_BLOCKS = YES;
				GCC_WARN_64_TO_32_BIT_CONVERSION = YES;
				GCC_WARN_ABOUT_RETURN_TYPE = YES_ERROR;
				GCC_WARN_UNDECLARED_SELECTOR = YES;
				GCC_WARN_UNINITIALIZED_AUTOS = YES_AGGRESSIVE;
				GCC_WARN_UNUSED_FUNCTION = YES;
				GCC_WARN_UNUSED_VARIABLE = YES;
				IPHONEOS_DEPLOYMENT_TARGET = 10.0;
				MTL_ENABLE_DEBUG_INFO = NO;
				SDKROOT = iphoneos;
				VALIDATE_PRODUCT = YES;
			};
			name = Release;
		};
		030410931E97548B00CC0C71 /* Debug */ = {
			isa = XCBuildConfiguration;
			buildSettings = {
				ASSETCATALOG_COMPILER_APPICON_NAME = AppIcon;
				INFOPLIST_FILE = "00 testUpload/Info.plist";
				LD_RUNPATH_SEARCH_PATHS = "$(inherited) @executable_path/Frameworks";
				PRODUCT_BUNDLE_IDENTIFIER = "XL.-0-testUpload";
				PRODUCT_NAME = "$(TARGET_NAME)";
			};
			name = Debug;
		};
		030410941E97548B00CC0C71 /* Release */ = {
			isa = XCBuildConfiguration;
			buildSettings = {
				ASSETCATALOG_COMPILER_APPICON_NAME = AppIcon;
				INFOPLIST_FILE = "00 testUpload/Info.plist";
				LD_RUNPATH_SEARCH_PATHS = "$(inherited) @executable_path/Frameworks";
				PRODUCT_BUNDLE_IDENTIFIER = "XL.-0-testUpload";
				PRODUCT_NAME = "$(TARGET_NAME)";
			};
			name = Release;
		};
/* End XCBuildConfiguration section */

/* Begin XCConfigurationList section */
		030410761E97548B00CC0C71 /* Build configuration list for PBXProject "00 testUpload" */ = {
			isa = XCConfigurationList;
			buildConfigurations = (
				030410901E97548B00CC0C71 /* Debug */,
				030410911E97548B00CC0C71 /* Release */,
			);
			defaultConfigurationIsVisible = 0;
			defaultConfigurationName = Release;
		};
		030410921E97548B00CC0C71 /* Build configuration list for PBXNativeTarget "00 testUpload" */ = {
			isa = XCConfigurationList;
			buildConfigurations = (
				030410931E97548B00CC0C71 /* Debug */,
				030410941E97548B00CC0C71 /* Release */,
			);
			defaultConfigurationIsVisible = 0;
		};
/* End XCConfigurationList section */
	};
	rootObject = 030410731E97548B00CC0C71 /* Project object */;
}
