// !$*UTF8*$!
{
	archiveVersion = 1;
	classes = {
	};
	objectVersion = 46;
	objects = {

/* Begin PBXBuildFile section */
		036CD6621E9A262A008E8D43 /* main.m in Sources */ = {isa = PBXBuildFile; fileRef = 036CD6611E9A262A008E8D43 /* main.m */; };
		036CD6651E9A262A008E8D43 /* AppDelegate.m in Sources */ = {isa = PBXBuildFile; fileRef = 036CD6641E9A262A008E8D43 /* AppDelegate.m */; };
		036CD6681E9A262A008E8D43 /* ViewController.m in Sources */ = {isa = PBXBuildFile; fileRef = 036CD6671E9A262A008E8D43 /* ViewController.m */; };
		036CD66B1E9A262A008E8D43 /* Main.storyboard in Resources */ = {isa = PBXBuildFile; fileRef = 036CD6691E9A262A008E8D43 /* Main.storyboard */; };
		036CD66D1E9A262A008E8D43 /* Assets.xcassets in Resources */ = {isa = PBXBuildFile; fileRef = 036CD66C1E9A262A008E8D43 /* Assets.xcassets */; };
		036CD6701E9A262A008E8D43 /* LaunchScreen.storyboard in Resources */ = {isa = PBXBuildFile; fileRef = 036CD66E1E9A262A008E8D43 /* LaunchScreen.storyboard */; };
/* End PBXBuildFile section */

/* Begin PBXFileReference section */
		036CD65D1E9A262A008E8D43 /* test.app */ = {isa = PBXFileReference; explicitFileType = wrapper.application; includeInIndex = 0; path = test.app; sourceTree = BUILT_PRODUCTS_DIR; };
		036CD6611E9A262A008E8D43 /* main.m */ = {isa = PBXFileReference; lastKnownFileType = sourcecode.c.objc; path = main.m; sourceTree = "<group>"; };
		036CD6631E9A262A008E8D43 /* AppDelegate.h */ = {isa = PBXFileReference; lastKnownFileType = sourcecode.c.h; path = AppDelegate.h; sourceTree = "<group>"; };
		036CD6641E9A262A008E8D43 /* AppDelegate.m */ = {isa = PBXFileReference; lastKnownFileType = sourcecode.c.objc; path = AppDelegate.m; sourceTree = "<group>"; };
		036CD6661E9A262A008E8D43 /* ViewController.h */ = {isa = PBXFileReference; lastKnownFileType = sourcecode.c.h; path = ViewController.h; sourceTree = "<group>"; };
		036CD6671E9A262A008E8D43 /* ViewController.m */ = {isa = PBXFileReference; lastKnownFileType = sourcecode.c.objc; path = ViewController.m; sourceTree = "<group>"; };
		036CD66A1E9A262A008E8D43 /* Base */ = {isa = PBXFileReference; lastKnownFileType = file.storyboard; name = Base; path = Base.lproj/Main.storyboard; sourceTree = "<group>"; };
		036CD66C1E9A262A008E8D43 /* Assets.xcassets */ = {isa = PBXFileReference; lastKnownFileType = folder.assetcatalog; path = Assets.xcassets; sourceTree = "<group>"; };
		036CD66F1E9A262A008E8D43 /* Base */ = {isa = PBXFileReference; lastKnownFileType = file.storyboard; name = Base; path = Base.lproj/LaunchScreen.storyboard; sourceTree = "<group>"; };
		036CD6711E9A262A008E8D43 /* Info.plist */ = {isa = PBXFileReference; lastKnownFileType = text.plist.xml; path = Info.plist; sourceTree = "<group>"; };
/* End PBXFileReference section */

/* Begin PBXFrameworksBuildPhase section */
		036CD65A1E9A262A008E8D43 /* Frameworks */ = {
			isa = PBXFrameworksBuildPhase;
			buildActionMask = 2147483647;
			files = (
			);
			runOnlyForDeploymentPostprocessing = 0;
		};
/* End PBXFrameworksBuildPhase section */

/* Begin PBXGroup section */
		036CD6541E9A262A008E8D43 = {
			isa = PBXGroup;
			children = (
				036CD65F1E9A262A008E8D43 /* test */,
				036CD65E1E9A262A008E8D43 /* Products */,
			);
			sourceTree = "<group>";
		};
		036CD65E1E9A262A008E8D43 /* Products */ = {
			isa = PBXGroup;
			children = (
				036CD65D1E9A262A008E8D43 /* test.app */,
			);
			name = Products;
			sourceTree = "<group>";
		};
		036CD65F1E9A262A008E8D43 /* test */ = {
			isa = PBXGroup;
			children = (
				036CD6631E9A262A008E8D43 /* AppDelegate.h */,
				036CD6641E9A262A008E8D43 /* AppDelegate.m */,
				036CD6661E9A262A008E8D43 /* ViewController.h */,
				036CD6671E9A262A008E8D43 /* ViewController.m */,
				036CD6691E9A262A008E8D43 /* Main.storyboard */,
				036CD66C1E9A262A008E8D43 /* Assets.xcassets */,
				036CD66E1E9A262A008E8D43 /* LaunchScreen.storyboard */,
				036CD6711E9A262A008E8D43 /* Info.plist */,
				036CD6601E9A262A008E8D43 /* Supporting Files */,
			);
			path = test;
			sourceTree = "<group>";
		};
		036CD6601E9A262A008E8D43 /* Supporting Files */ = {
			isa = PBXGroup;
			children = (
				036CD6611E9A262A008E8D43 /* main.m */,
			);
			name = "Supporting Files";
			sourceTree = "<group>";
		};
/* End PBXGroup section */

/* Begin PBXNativeTarget section */
		036CD65C1E9A262A008E8D43 /* test */ = {
			isa = PBXNativeTarget;
			buildConfigurationList = 036CD6741E9A262A008E8D43 /* Build configuration list for PBXNativeTarget "test" */;
			buildPhases = (
				036CD6591E9A262A008E8D43 /* Sources */,
				036CD65A1E9A262A008E8D43 /* Frameworks */,
				036CD65B1E9A262A008E8D43 /* Resources */,
			);
			buildRules = (
			);
			dependencies = (
			);
			name = test;
			productName = test;
			productReference = 036CD65D1E9A262A008E8D43 /* test.app */;
			productType = "com.apple.product-type.application";
		};
/* End PBXNativeTarget section */

/* Begin PBXProject section */
		036CD6551E9A262A008E8D43 /* Project object */ = {
			isa = PBXProject;
			attributes = {
				LastUpgradeCheck = 0800;
				ORGANIZATIONNAME = Metatronxl;
				TargetAttributes = {
					036CD65C1E9A262A008E8D43 = {
						CreatedOnToolsVersion = 8.0;
						ProvisioningStyle = Automatic;
					};
				};
			};
			buildConfigurationList = 036CD6581E9A262A008E8D43 /* Build configuration list for PBXProject "test" */;
			compatibilityVersion = "Xcode 3.2";
			developmentRegion = English;
			hasScannedForEncodings = 0;
			knownRegions = (
				en,
				Base,
			);
			mainGroup = 036CD6541E9A262A008E8D43;
			productRefGroup = 036CD65E1E9A262A008E8D43 /* Products */;
			projectDirPath = "";
			projectRoot = "";
			targets = (
				036CD65C1E9A262A008E8D43 /* test */,
			);
		};
/* End PBXProject section */

/* Begin PBXResourcesBuildPhase section */
		036CD65B1E9A262A008E8D43 /* Resources */ = {
			isa = PBXResourcesBuildPhase;
			buildActionMask = 2147483647;
			files = (
				036CD6701E9A262A008E8D43 /* LaunchScreen.storyboard in Resources */,
				036CD66D1E9A262A008E8D43 /* Assets.xcassets in Resources */,
				036CD66B1E9A262A008E8D43 /* Main.storyboard in Resources */,
			);
			runOnlyForDeploymentPostprocessing = 0;
		};
/* End PBXResourcesBuildPhase section */

/* Begin PBXSourcesBuildPhase section */
		036CD6591E9A262A008E8D43 /* Sources */ = {
			isa = PBXSourcesBuildPhase;
			buildActionMask = 2147483647;
			files = (
				036CD6681E9A262A008E8D43 /* ViewController.m in Sources */,
				036CD6651E9A262A008E8D43 /* AppDelegate.m in Sources */,
				036CD6621E9A262A008E8D43 /* main.m in Sources */,
			);
			runOnlyForDeploymentPostprocessing = 0;
		};
/* End PBXSourcesBuildPhase section */

/* Begin PBXVariantGroup section */
		036CD6691E9A262A008E8D43 /* Main.storyboard */ = {
			isa = PBXVariantGroup;
			children = (
				036CD66A1E9A262A008E8D43 /* Base */,
			);
			name = Main.storyboard;
			sourceTree = "<group>";
		};
		036CD66E1E9A262A008E8D43 /* LaunchScreen.storyboard */ = {
			isa = PBXVariantGroup;
			children = (
				036CD66F1E9A262A008E8D43 /* Base */,
			);
			name = LaunchScreen.storyboard;
			sourceTree = "<group>";
		};
/* End PBXVariantGroup section */

/* Begin XCBuildConfiguration section */
		036CD6721E9A262A008E8D43 /* Debug */ = {
			isa = XCBuildConfiguration;
			buildSettings = {
				ALWAYS_SEARCH_USER_PATHS = NO;
				CLANG_ANALYZER_NONNULL = YES;
				CLANG_CXX_LANGUAGE_STANDARD = "gnu++0x";
				CLANG_CXX_LIBRARY = "libc++";
				CLANG_ENABLE_MODULES = YES;
				CLANG_ENABLE_OBJC_ARC = YES;
				CLANG_WARN_BOOL_CONVERSION = YES;
				CLANG_WARN_CONSTANT_CONVERSION = YES;
				CLANG_WARN_DIRECT_OBJC_ISA_USAGE = YES_ERROR;
				CLANG_WARN_DOCUMENTATION_COMMENTS = YES;
				CLANG_WARN_EMPTY_BODY = YES;
				CLANG_WARN_ENUM_CONVERSION = YES;
				CLANG_WARN_INFINITE_RECURSION = YES;
				CLANG_WARN_INT_CONVERSION = YES;
				CLANG_WARN_OBJC_ROOT_CLASS = YES_ERROR;
				CLANG_WARN_SUSPICIOUS_MOVES = YES;
				CLANG_WARN_UNREACHABLE_CODE = YES;
				CLANG_WARN__DUPLICATE_METHOD_MATCH = YES;
				"CODE_SIGN_IDENTITY[sdk=iphoneos*]" = "iPhone Developer";
				COPY_PHASE_STRIP = NO;
				DEBUG_INFORMATION_FORMAT = dwarf;
				ENABLE_STRICT_OBJC_MSGSEND = YES;
				ENABLE_TESTABILITY = YES;
				GCC_C_LANGUAGE_STANDARD = gnu99;
				GCC_DYNAMIC_NO_PIC = NO;
				GCC_NO_COMMON_BLOCKS = YES;
				GCC_OPTIMIZATION_LEVEL = 0;
				GCC_PREPROCESSOR_DEFINITIONS = (
					"DEBUG=1",
					"$(inherited)",
				);
				GCC_WARN_64_TO_32_BIT_CONVERSION = YES;
				GCC_WARN_ABOUT_RETURN_TYPE = YES_ERROR;
				GCC_WARN_UNDECLARED_SELECTOR = YES;
				GCC_WARN_UNINITIALIZED_AUTOS = YES_AGGRESSIVE;
				GCC_WARN_UNUSED_FUNCTION = YES;
				GCC_WARN_UNUSED_VARIABLE = YES;
				IPHONEOS_DEPLOYMENT_TARGET = 10.0;
				MTL_ENABLE_DEBUG_INFO = YES;
				ONLY_ACTIVE_ARCH = YES;
				SDKROOT = iphoneos;
			};
			name = Debug;
		};
		036CD6731E9A262A008E8D43 /* Release */ = {
			isa = XCBuildConfiguration;
			buildSettings = {
				ALWAYS_SEARCH_USER_PATHS = NO;
				CLANG_ANALYZER_NONNULL = YES;
				CLANG_CXX_LANGUAGE_STANDARD = "gnu++0x";
				CLANG_CXX_LIBRARY = "libc++";
				CLANG_ENABLE_MODULES = YES;
				CLANG_ENABLE_OBJC_ARC = YES;
				CLANG_WARN_BOOL_CONVERSION = YES;
				CLANG_WARN_CONSTANT_CONVERSION = YES;
				CLANG_WARN_DIRECT_OBJC_ISA_USAGE = YES_ERROR;
				CLANG_WARN_DOCUMENTATION_COMMENTS = YES;
				CLANG_WARN_EMPTY_BODY = YES;
				CLANG_WARN_ENUM_CONVERSION = YES;
				CLANG_WARN_INFINITE_RECURSION = YES;
				CLANG_WARN_INT_CONVERSION = YES;
				CLANG_WARN_OBJC_ROOT_CLASS = YES_ERROR;
				CLANG_WARN_SUSPICIOUS_MOVES = YES;
				CLANG_WARN_UNREACHABLE_CODE = YES;
				CLANG_WARN__DUPLICATE_METHOD_MATCH = YES;
				"CODE_SIGN_IDENTITY[sdk=iphoneos*]" = "iPhone Developer";
				COPY_PHASE_STRIP = NO;
				DEBUG_INFORMATION_FORMAT = "dwarf-with-dsym";
				ENABLE_NS_ASSERTIONS = NO;
				ENABLE_STRICT_OBJC_MSGSEND = YES;
				GCC_C_LANGUAGE_STANDARD = gnu99;
				GCC_NO_COMMON_BLOCKS = YES;
				GCC_WARN_64_TO_32_BIT_CONVERSION = YES;
				GCC_WARN_ABOUT_RETURN_TYPE = YES_ERROR;
				GCC_WARN_UNDECLARED_SELECTOR = YES;
				GCC_WARN_UNINITIALIZED_AUTOS = YES_AGGRESSIVE;
				GCC_WARN_UNUSED_FUNCTION = YES;
				GCC_WARN_UNUSED_VARIABLE = YES;
				IPHONEOS_DEPLOYMENT_TARGET = 10.0;
				MTL_ENABLE_DEBUG_INFO = NO;
				SDKROOT = iphoneos;
				VALIDATE_PRODUCT = YES;
			};
			name = Release;
		};
		036CD6751E9A262A008E8D43 /* Debug */ = {
			isa = XCBuildConfiguration;
			buildSettings = {
				ASSETCATALOG_COMPILER_APPICON_NAME = AppIcon;
				INFOPLIST_FILE = test/Info.plist;
				LD_RUNPATH_SEARCH_PATHS = "$(inherited) @executable_path/Frameworks";
				PRODUCT_BUNDLE_IDENTIFIER = XL.test;
				PRODUCT_NAME = "$(TARGET_NAME)";
			};
			name = Debug;
		};
		036CD6761E9A262A008E8D43 /* Release */ = {
			isa = XCBuildConfiguration;
			buildSettings = {
				ASSETCATALOG_COMPILER_APPICON_NAME = AppIcon;
				INFOPLIST_FILE = test/Info.plist;
				LD_RUNPATH_SEARCH_PATHS = "$(inherited) @executable_path/Frameworks";
				PRODUCT_BUNDLE_IDENTIFIER = XL.test;
				PRODUCT_NAME = "$(TARGET_NAME)";
			};
			name = Release;
		};
/* End XCBuildConfiguration section */

/* Begin XCConfigurationList section */
		036CD6581E9A262A008E8D43 /* Build configuration list for PBXProject "test" */ = {
			isa = XCConfigurationList;
			buildConfigurations = (
				036CD6721E9A262A008E8D43 /* Debug */,
				036CD6731E9A262A008E8D43 /* Release */,
			);
			defaultConfigurationIsVisible = 0;
			defaultConfigurationName = Release;
		};
		036CD6741E9A262A008E8D43 /* Build configuration list for PBXNativeTarget "test" */ = {
			isa = XCConfigurationList;
			buildConfigurations = (
				036CD6751E9A262A008E8D43 /* Debug */,
				036CD6761E9A262A008E8D43 /* Release */,
			);
			defaultConfigurationIsVisible = 0;
		};
/* End XCConfigurationList section */
	};
	rootObject = 036CD6551E9A262A008E8D43 /* Project object */;
}
